{
  "name": "cache-testing",
  "lockfileVersion": 3,
  "requires": true,
  "packages": {
    "": {
      "dependencies": {
        "arch881010-cache": "^1.0.1"
      }
    },
    "node_modules/arch881010-cache": {
      "version": "1.0.1",
      "resolved": "https://registry.npmjs.org/arch881010-cache/-/arch881010-cache-1.0.1.tgz",
      "integrity": "sha512-/nzJMsJ4bjUmpquYn8V1qPXK7AokZGs+ECAfAhi8Ghej0+rMXZKEe3xg9BTPGfvxugGRs7jwd9jiFncuvSjBnQ=="
    }
  }
}
